
Microsoft Visual Studio Solution File, Format Version 12.00
# Visual Studio Version 17
VisualStudioVersion = 17.8.34511.84
MinimumVisualStudioVersion = 10.0.40219.1
Project("{FAE04EC0-301F-11D3-BF4B-00C04F79EFBC}") = "Sample", "Sample\Sample.csproj", "{D076D145-ACF5-4598-9188-39F3692E1E13}"
EndProject
Global
	GlobalSection(SolutionConfigurationPlatforms) = preSolution
		Debug|Any CPU = Debug|Any CPU
		Release|Any CPU = Release|Any CPU
	EndGlobalSection
	GlobalSection(ProjectConfigurationPlatforms) = postSolution
		{D076D145-ACF5-4598-9188-39F3692E1E13}.Debug|Any CPU.ActiveCfg = Debug|Any CPU
		{D076D145-ACF5-4598-9188-39F3692E1E13}.Debug|Any CPU.Build.0 = Debug|Any CPU
		{D076D145-ACF5-4598-9188-39F3692E1E13}.Release|Any CPU.ActiveCfg = Release|Any CPU
		{D076D145-ACF5-4598-9188-39F3692E1E13}.Release|Any CPU.Build.0 = Release|Any CPU
	EndGlobalSection
	GlobalSection(SolutionProperties) = preSolution
		HideSolutionNode = FALSE
	EndGlobalSection
	GlobalSection(ExtensibilityGlobals) = postSolution
		SolutionGuid = {A63B2A3C-81AC-4E20-9B56-12CC4AE135C4}
	EndGlobalSection
EndGlobal
